
Microsoft Visual Studio Solution File, Format Version 12.00
# Visual Studio Version 17
VisualStudioVersion = 17.8.34330.188
MinimumVisualStudioVersion = 10.0.40219.1
Project("{FAE04EC0-301F-11D3-BF4B-00C04F79EFBC}") = "Editor", "Editor\Editor.csproj", "{7CB20B66-DD9A-41D7-852F-32940000B0E0}"
EndProject
Global
	GlobalSection(SolutionConfigurationPlatforms) = preSolution
		Debug|Any CPU = Debug|Any CPU
		Release|Any CPU = Release|Any CPU
	EndGlobalSection
	GlobalSection(ProjectConfigurationPlatforms) = postSolution
		{7CB20B66-DD9A-41D7-852F-32940000B0E0}.Debug|Any CPU.ActiveCfg = Debug|Any CPU
		{7CB20B66-DD9A-41D7-852F-32940000B0E0}.Debug|Any CPU.Build.0 = Debug|Any CPU
		{7CB20B66-DD9A-41D7-852F-32940000B0E0}.Release|Any CPU.ActiveCfg = Release|Any CPU
		{7CB20B66-DD9A-41D7-852F-32940000B0E0}.Release|Any CPU.Build.0 = Release|Any CPU
	EndGlobalSection
	GlobalSection(SolutionProperties) = preSolution
		HideSolutionNode = FALSE
	EndGlobalSection
	GlobalSection(ExtensibilityGlobals) = postSolution
		SolutionGuid = {D1BD9EED-C11C-4FB7-A0B8-49F571E7971D}
	EndGlobalSection
EndGlobal
